// !$*UTF8*$!
{
	archiveVersion = 1;
	classes = {
	};
	objectVersion = 55;
	objects = {

/* Begin PBXBuildFile section */
		27B2D09E2861D76F006A892C /* SmokeIllustrationView.swift in Sources */ = {isa = PBXBuildFile; fileRef = 27B2D09D2861D76F006A892C /* SmokeIllustrationView.swift */; };
		27B2D0A22861DCD3006A892C /* SnowBallView.swift in Sources */ = {isa = PBXBuildFile; fileRef = 27B2D0A12861DCD3006A892C /* SnowBallView.swift */; };
		27B2D0A42861DEC9006A892C /* SnowBallsView.swift in Sources */ = {isa = PBXBuildFile; fileRef = 27B2D0A32861DEC9006A892C /* SnowBallsView.swift */; };
		27B2D0A72862FAE5006A892C /* SmokeView.swift in Sources */ = {isa = PBXBuildFile; fileRef = 27B2D0A62862FAE4006A892C /* SmokeView.swift */; };
		27B2D0AA28630B47006A892C /* Utils.swift in Sources */ = {isa = PBXBuildFile; fileRef = 27B2D0A928630B47006A892C /* Utils.swift */; };
		27E77C7A2861709B00A911FD /* SmartACApp.swift in Sources */ = {isa = PBXBuildFile; fileRef = 27E77C792861709B00A911FD /* SmartACApp.swift */; };
		27E77C7E2861709E00A911FD /* Assets.xcassets in Resources */ = {isa = PBXBuildFile; fileRef = 27E77C7D2861709E00A911FD /* Assets.xcassets */; };
		27E77C812861709E00A911FD /* Preview Assets.xcassets in Resources */ = {isa = PBXBuildFile; fileRef = 27E77C802861709E00A911FD /* Preview Assets.xcassets */; };
		27E77C8B2861717400A911FD /* Style.swift in Sources */ = {isa = PBXBuildFile; fileRef = 27E77C8A2861717400A911FD /* Style.swift */; };
		27E77C8E2861726100A911FD /* OpenSans-SemiBold.ttf in Resources */ = {isa = PBXBuildFile; fileRef = 27E77C8D2861726100A911FD /* OpenSans-SemiBold.ttf */; };
		27E77C922861740400A911FD /* AppView.swift in Sources */ = {isa = PBXBuildFile; fileRef = 27E77C912861740400A911FD /* AppView.swift */; };
		27E77C962861747E00A911FD /* TempDisplayView.swift in Sources */ = {isa = PBXBuildFile; fileRef = 27E77C952861747E00A911FD /* TempDisplayView.swift */; };
		27E77C9828617B6300A911FD /* TempModelData.swift in Sources */ = {isa = PBXBuildFile; fileRef = 27E77C9728617B6300A911FD /* TempModelData.swift */; };
		27E77C9A28617C4700A911FD /* TempSliderView.swift in Sources */ = {isa = PBXBuildFile; fileRef = 27E77C9928617C4700A911FD /* TempSliderView.swift */; };
		27E77C9C28617C5000A911FD /* BottomControlsView.swift in Sources */ = {isa = PBXBuildFile; fileRef = 27E77C9B28617C5000A911FD /* BottomControlsView.swift */; };
		27E77C9E28617EB200A911FD /* TempData.swift in Sources */ = {isa = PBXBuildFile; fileRef = 27E77C9D28617EB200A911FD /* TempData.swift */; };
		27E77CA028619AC000A911FD /* ControlButtonView.swift in Sources */ = {isa = PBXBuildFile; fileRef = 27E77C9F28619AC000A911FD /* ControlButtonView.swift */; };
/* End PBXBuildFile section */

/* Begin PBXFileReference section */
		27B2D09D2861D76F006A892C /* SmokeIllustrationView.swift */ = {isa = PBXFileReference; lastKnownFileType = sourcecode.swift; path = SmokeIllustrationView.swift; sourceTree = "<group>"; };
		27B2D0A12861DCD3006A892C /* SnowBallView.swift */ = {isa = PBXFileReference; lastKnownFileType = sourcecode.swift; path = SnowBallView.swift; sourceTree = "<group>"; };
		27B2D0A32861DEC9006A892C /* SnowBallsView.swift */ = {isa = PBXFileReference; lastKnownFileType = sourcecode.swift; path = SnowBallsView.swift; sourceTree = "<group>"; };
		27B2D0A62862FAE4006A892C /* SmokeView.swift */ = {isa = PBXFileReference; lastKnownFileType = sourcecode.swift; path = SmokeView.swift; sourceTree = "<group>"; };
		27B2D0A928630B47006A892C /* Utils.swift */ = {isa = PBXFileReference; lastKnownFileType = sourcecode.swift; path = Utils.swift; sourceTree = "<group>"; };
		27E77C762861709B00A911FD /* SmartAC.app */ = {isa = PBXFileReference; explicitFileType = wrapper.application; includeInIndex = 0; path = SmartAC.app; sourceTree = BUILT_PRODUCTS_DIR; };
		27E77C792861709B00A911FD /* SmartACApp.swift */ = {isa = PBXFileReference; lastKnownFileType = sourcecode.swift; path = SmartACApp.swift; sourceTree = "<group>"; };
		27E77C7D2861709E00A911FD /* Assets.xcassets */ = {isa = PBXFileReference; lastKnownFileType = folder.assetcatalog; path = Assets.xcassets; sourceTree = "<group>"; };
		27E77C802861709E00A911FD /* Preview Assets.xcassets */ = {isa = PBXFileReference; lastKnownFileType = folder.assetcatalog; path = "Preview Assets.xcassets"; sourceTree = "<group>"; };
		27E77C8A2861717400A911FD /* Style.swift */ = {isa = PBXFileReference; lastKnownFileType = sourcecode.swift; path = Style.swift; sourceTree = "<group>"; };
		27E77C8D2861726100A911FD /* OpenSans-SemiBold.ttf */ = {isa = PBXFileReference; lastKnownFileType = file; path = "OpenSans-SemiBold.ttf"; sourceTree = "<group>"; };
		27E77C8F2861727200A911FD /* Info.plist */ = {isa = PBXFileReference; lastKnownFileType = text.plist; path = Info.plist; sourceTree = "<group>"; };
		27E77C912861740400A911FD /* AppView.swift */ = {isa = PBXFileReference; lastKnownFileType = sourcecode.swift; path = AppView.swift; sourceTree = "<group>"; };
		27E77C952861747E00A911FD /* TempDisplayView.swift */ = {isa = PBXFileReference; lastKnownFileType = sourcecode.swift; path = TempDisplayView.swift; sourceTree = "<group>"; };
		27E77C9728617B6300A911FD /* TempModelData.swift */ = {isa = PBXFileReference; lastKnownFileType = sourcecode.swift; path = TempModelData.swift; sourceTree = "<group>"; };
		27E77C9928617C4700A911FD /* TempSliderView.swift */ = {isa = PBXFileReference; lastKnownFileType = sourcecode.swift; path = TempSliderView.swift; sourceTree = "<group>"; };
		27E77C9B28617C5000A911FD /* BottomControlsView.swift */ = {isa = PBXFileReference; lastKnownFileType = sourcecode.swift; path = BottomControlsView.swift; sourceTree = "<group>"; };
		27E77C9D28617EB200A911FD /* TempData.swift */ = {isa = PBXFileReference; lastKnownFileType = sourcecode.swift; path = TempData.swift; sourceTree = "<group>"; };
		27E77C9F28619AC000A911FD /* ControlButtonView.swift */ = {isa = PBXFileReference; lastKnownFileType = sourcecode.swift; path = ControlButtonView.swift; sourceTree = "<group>"; };
/* End PBXFileReference section */

/* Begin PBXFrameworksBuildPhase section */
		27E77C732861709B00A911FD /* Frameworks */ = {
			isa = PBXFrameworksBuildPhase;
			buildActionMask = 2147483647;
			files = (
			);
			runOnlyForDeploymentPostprocessing = 0;
		};
/* End PBXFrameworksBuildPhase section */

/* Begin PBXGroup section */
		27B2D09F2861DCAE006A892C /* Bottom Controls */ = {
			isa = PBXGroup;
			children = (
				27E77C9B28617C5000A911FD /* BottomControlsView.swift */,
				27E77C9F28619AC000A911FD /* ControlButtonView.swift */,
			);
			path = "Bottom Controls";
			sourceTree = "<group>";
		};
		27B2D0A02861DCBC006A892C /* Temp */ = {
			isa = PBXGroup;
			children = (
				27E77C952861747E00A911FD /* TempDisplayView.swift */,
				27E77C9928617C4700A911FD /* TempSliderView.swift */,
			);
			path = Temp;
			sourceTree = "<group>";
		};
		27B2D0A52861DECC006A892C /* Snow Ball */ = {
			isa = PBXGroup;
			children = (
				27B2D0A12861DCD3006A892C /* SnowBallView.swift */,
				27B2D0A32861DEC9006A892C /* SnowBallsView.swift */,
			);
			path = "Snow Ball";
			sourceTree = "<group>";
		};
		27B2D0A82862FAF5006A892C /* Smoke */ = {
			isa = PBXGroup;
			children = (
				27B2D09D2861D76F006A892C /* SmokeIllustrationView.swift */,
				27B2D0A62862FAE4006A892C /* SmokeView.swift */,
			);
			path = Smoke;
			sourceTree = "<group>";
		};
		27E77C6D2861709B00A911FD = {
			isa = PBXGroup;
			children = (
				27E77C782861709B00A911FD /* SmartAC */,
				27E77C772861709B00A911FD /* Products */,
			);
			sourceTree = "<group>";
		};
		27E77C772861709B00A911FD /* Products */ = {
			isa = PBXGroup;
			children = (
				27E77C762861709B00A911FD /* SmartAC.app */,
			);
			name = Products;
			sourceTree = "<group>";
		};
		27E77C782861709B00A911FD /* SmartAC */ = {
			isa = PBXGroup;
			children = (
				27E77C8F2861727200A911FD /* Info.plist */,
				27E77C792861709B00A911FD /* SmartACApp.swift */,
				27E77C882861714C00A911FD /* Model */,
				27E77C872861714700A911FD /* Views */,
				27E77C892861715000A911FD /* Utils */,
				27E77C90286173D100A911FD /* Assets */,
				27E77C7F2861709E00A911FD /* Preview Content */,
			);
			path = SmartAC;
			sourceTree = "<group>";
		};
		27E77C7F2861709E00A911FD /* Preview Content */ = {
			isa = PBXGroup;
			children = (
				27E77C802861709E00A911FD /* Preview Assets.xcassets */,
				27E77C9D28617EB200A911FD /* TempData.swift */,
			);
			path = "Preview Content";
			sourceTree = "<group>";
		};
		27E77C872861714700A911FD /* Views */ = {
			isa = PBXGroup;
			children = (
				27E77C912861740400A911FD /* AppView.swift */,
				27B2D0A02861DCBC006A892C /* Temp */,
				27B2D09F2861DCAE006A892C /* Bottom Controls */,
				27B2D0A52861DECC006A892C /* Snow Ball */,
				27B2D0A82862FAF5006A892C /* Smoke */,
			);
			path = Views;
			sourceTree = "<group>";
		};
		27E77C882861714C00A911FD /* Model */ = {
			isa = PBXGroup;
			children = (
				27E77C9728617B6300A911FD /* TempModelData.swift */,
			);
			path = Model;
			sourceTree = "<group>";
		};
		27E77C892861715000A911FD /* Utils */ = {
			isa = PBXGroup;
			children = (
				27E77C8A2861717400A911FD /* Style.swift */,
				27B2D0A928630B47006A892C /* Utils.swift */,
			);
			path = Utils;
			sourceTree = "<group>";
		};
		27E77C8C2861723B00A911FD /* Fonts */ = {
			isa = PBXGroup;
			children = (
				27E77C8D2861726100A911FD /* OpenSans-SemiBold.ttf */,
			);
			path = Fonts;
			sourceTree = "<group>";
		};
		27E77C90286173D100A911FD /* Assets */ = {
			isa = PBXGroup;
			children = (
				27E77C8C2861723B00A911FD /* Fonts */,
				27E77C7D2861709E00A911FD /* Assets.xcassets */,
			);
			path = Assets;
			sourceTree = "<group>";
		};
/* End PBXGroup section */

/* Begin PBXNativeTarget section */
		27E77C752861709B00A911FD /* SmartAC */ = {
			isa = PBXNativeTarget;
			buildConfigurationList = 27E77C842861709E00A911FD /* Build configuration list for PBXNativeTarget "SmartAC" */;
			buildPhases = (
				27E77C722861709B00A911FD /* Sources */,
				27E77C732861709B00A911FD /* Frameworks */,
				27E77C742861709B00A911FD /* Resources */,
			);
			buildRules = (
			);
			dependencies = (
			);
			name = SmartAC;
			productName = SmartAC;
			productReference = 27E77C762861709B00A911FD /* SmartAC.app */;
			productType = "com.apple.product-type.application";
		};
/* End PBXNativeTarget section */

/* Begin PBXProject section */
		27E77C6E2861709B00A911FD /* Project object */ = {
			isa = PBXProject;
			attributes = {
				BuildIndependentTargetsInParallel = 1;
				LastSwiftUpdateCheck = 1320;
				LastUpgradeCheck = 1320;
				TargetAttributes = {
					27E77C752861709B00A911FD = {
						CreatedOnToolsVersion = 13.2.1;
					};
				};
			};
			buildConfigurationList = 27E77C712861709B00A911FD /* Build configuration list for PBXProject "SmartAC" */;
			compatibilityVersion = "Xcode 13.0";
			developmentRegion = en;
			hasScannedForEncodings = 0;
			knownRegions = (
				en,
				Base,
			);
			mainGroup = 27E77C6D2861709B00A911FD;
			productRefGroup = 27E77C772861709B00A911FD /* Products */;
			projectDirPath = "";
			projectRoot = "";
			targets = (
				27E77C752861709B00A911FD /* SmartAC */,
			);
		};
/* End PBXProject section */

/* Begin PBXResourcesBuildPhase section */
		27E77C742861709B00A911FD /* Resources */ = {
			isa = PBXResourcesBuildPhase;
			buildActionMask = 2147483647;
			files = (
				27E77C812861709E00A911FD /* Preview Assets.xcassets in Resources */,
				27E77C8E2861726100A911FD /* OpenSans-SemiBold.ttf in Resources */,
				27E77C7E2861709E00A911FD /* Assets.xcassets in Resources */,
			);
			runOnlyForDeploymentPostprocessing = 0;
		};
/* End PBXResourcesBuildPhase section */

/* Begin PBXSourcesBuildPhase section */
		27E77C722861709B00A911FD /* Sources */ = {
			isa = PBXSourcesBuildPhase;
			buildActionMask = 2147483647;
			files = (
				27E77C9C28617C5000A911FD /* BottomControlsView.swift in Sources */,
				27E77C9E28617EB200A911FD /* TempData.swift in Sources */,
				27B2D0A72862FAE5006A892C /* SmokeView.swift in Sources */,
				27B2D0AA28630B47006A892C /* Utils.swift in Sources */,
				27E77CA028619AC000A911FD /* ControlButtonView.swift in Sources */,
				27E77C962861747E00A911FD /* TempDisplayView.swift in Sources */,
				27E77C8B2861717400A911FD /* Style.swift in Sources */,
				27E77C7A2861709B00A911FD /* SmartACApp.swift in Sources */,
				27E77C9A28617C4700A911FD /* TempSliderView.swift in Sources */,
				27E77C922861740400A911FD /* AppView.swift in Sources */,
				27B2D09E2861D76F006A892C /* SmokeIllustrationView.swift in Sources */,
				27B2D0A22861DCD3006A892C /* SnowBallView.swift in Sources */,
				27B2D0A42861DEC9006A892C /* SnowBallsView.swift in Sources */,
				27E77C9828617B6300A911FD /* TempModelData.swift in Sources */,
			);
			runOnlyForDeploymentPostprocessing = 0;
		};
/* End PBXSourcesBuildPhase section */

/* Begin XCBuildConfiguration section */
		27E77C822861709E00A911FD /* Debug */ = {
			isa = XCBuildConfiguration;
			buildSettings = {
				ALWAYS_SEARCH_USER_PATHS = NO;
				CLANG_ANALYZER_NONNULL = YES;
				CLANG_ANALYZER_NUMBER_OBJECT_CONVERSION = YES_AGGRESSIVE;
				CLANG_CXX_LANGUAGE_STANDARD = "gnu++17";
				CLANG_CXX_LIBRARY = "libc++";
				CLANG_ENABLE_MODULES = YES;
				CLANG_ENABLE_OBJC_ARC = YES;
				CLANG_ENABLE_OBJC_WEAK = YES;
				CLANG_WARN_BLOCK_CAPTURE_AUTORELEASING = YES;
				CLANG_WARN_BOOL_CONVERSION = YES;
				CLANG_WARN_COMMA = YES;
				CLANG_WARN_CONSTANT_CONVERSION = YES;
				CLANG_WARN_DEPRECATED_OBJC_IMPLEMENTATIONS = YES;
				CLANG_WARN_DIRECT_OBJC_ISA_USAGE = YES_ERROR;
				CLANG_WARN_DOCUMENTATION_COMMENTS = YES;
				CLANG_WARN_EMPTY_BODY = YES;
				CLANG_WARN_ENUM_CONVERSION = YES;
				CLANG_WARN_INFINITE_RECURSION = YES;
				CLANG_WARN_INT_CONVERSION = YES;
				CLANG_WARN_NON_LITERAL_NULL_CONVERSION = YES;
				CLANG_WARN_OBJC_IMPLICIT_RETAIN_SELF = YES;
				CLANG_WARN_OBJC_LITERAL_CONVERSION = YES;
				CLANG_WARN_OBJC_ROOT_CLASS = YES_ERROR;
				CLANG_WARN_QUOTED_INCLUDE_IN_FRAMEWORK_HEADER = YES;
				CLANG_WARN_RANGE_LOOP_ANALYSIS = YES;
				CLANG_WARN_STRICT_PROTOTYPES = YES;
				CLANG_WARN_SUSPICIOUS_MOVE = YES;
				CLANG_WARN_UNGUARDED_AVAILABILITY = YES_AGGRESSIVE;
				CLANG_WARN_UNREACHABLE_CODE = YES;
				CLANG_WARN__DUPLICATE_METHOD_MATCH = YES;
				COPY_PHASE_STRIP = NO;
				DEBUG_INFORMATION_FORMAT = dwarf;
				ENABLE_STRICT_OBJC_MSGSEND = YES;
				ENABLE_TESTABILITY = YES;
				GCC_C_LANGUAGE_STANDARD = gnu11;
				GCC_DYNAMIC_NO_PIC = NO;
				GCC_NO_COMMON_BLOCKS = YES;
				GCC_OPTIMIZATION_LEVEL = 0;
				GCC_PREPROCESSOR_DEFINITIONS = (
					"DEBUG=1",
					"$(inherited)",
				);
				GCC_WARN_64_TO_32_BIT_CONVERSION = YES;
				GCC_WARN_ABOUT_RETURN_TYPE = YES_ERROR;
				GCC_WARN_UNDECLARED_SELECTOR = YES;
				GCC_WARN_UNINITIALIZED_AUTOS = YES_AGGRESSIVE;
				GCC_WARN_UNUSED_FUNCTION = YES;
				GCC_WARN_UNUSED_VARIABLE = YES;
				IPHONEOS_DEPLOYMENT_TARGET = 15.2;
				MTL_ENABLE_DEBUG_INFO = INCLUDE_SOURCE;
				MTL_FAST_MATH = YES;
				ONLY_ACTIVE_ARCH = YES;
				SDKROOT = iphoneos;
				SWIFT_ACTIVE_COMPILATION_CONDITIONS = DEBUG;
				SWIFT_OPTIMIZATION_LEVEL = "-Onone";
			};
			name = Debug;
		};
		27E77C832861709E00A911FD /* Release */ = {
			isa = XCBuildConfiguration;
			buildSettings = {
				ALWAYS_SEARCH_USER_PATHS = NO;
				CLANG_ANALYZER_NONNULL = YES;
				CLANG_ANALYZER_NUMBER_OBJECT_CONVERSION = YES_AGGRESSIVE;
				CLANG_CXX_LANGUAGE_STANDARD = "gnu++17";
				CLANG_CXX_LIBRARY = "libc++";
				CLANG_ENABLE_MODULES = YES;
				CLANG_ENABLE_OBJC_ARC = YES;
				CLANG_ENABLE_OBJC_WEAK = YES;
				CLANG_WARN_BLOCK_CAPTURE_AUTORELEASING = YES;
				CLANG_WARN_BOOL_CONVERSION = YES;
				CLANG_WARN_COMMA = YES;
				CLANG_WARN_CONSTANT_CONVERSION = YES;
				CLANG_WARN_DEPRECATED_OBJC_IMPLEMENTATIONS = YES;
				CLANG_WARN_DIRECT_OBJC_ISA_USAGE = YES_ERROR;
				CLANG_WARN_DOCUMENTATION_COMMENTS = YES;
				CLANG_WARN_EMPTY_BODY = YES;
				CLANG_WARN_ENUM_CONVERSION = YES;
				CLANG_WARN_INFINITE_RECURSION = YES;
				CLANG_WARN_INT_CONVERSION = YES;
				CLANG_WARN_NON_LITERAL_NULL_CONVERSION = YES;
				CLANG_WARN_OBJC_IMPLICIT_RETAIN_SELF = YES;
				CLANG_WARN_OBJC_LITERAL_CONVERSION = YES;
				CLANG_WARN_OBJC_ROOT_CLASS = YES_ERROR;
				CLANG_WARN_QUOTED_INCLUDE_IN_FRAMEWORK_HEADER = YES;
				CLANG_WARN_RANGE_LOOP_ANALYSIS = YES;
				CLANG_WARN_STRICT_PROTOTYPES = YES;
				CLANG_WARN_SUSPICIOUS_MOVE = YES;
				CLANG_WARN_UNGUARDED_AVAILABILITY = YES_AGGRESSIVE;
				CLANG_WARN_UNREACHABLE_CODE = YES;
				CLANG_WARN__DUPLICATE_METHOD_MATCH = YES;
				COPY_PHASE_STRIP = NO;
				DEBUG_INFORMATION_FORMAT = "dwarf-with-dsym";
				ENABLE_NS_ASSERTIONS = NO;
				ENABLE_STRICT_OBJC_MSGSEND = YES;
				GCC_C_LANGUAGE_STANDARD = gnu11;
				GCC_NO_COMMON_BLOCKS = YES;
				GCC_WARN_64_TO_32_BIT_CONVERSION = YES;
				GCC_WARN_ABOUT_RETURN_TYPE = YES_ERROR;
				GCC_WARN_UNDECLARED_SELECTOR = YES;
				GCC_WARN_UNINITIALIZED_AUTOS = YES_AGGRESSIVE;
				GCC_WARN_UNUSED_FUNCTION = YES;
				GCC_WARN_UNUSED_VARIABLE = YES;
				IPHONEOS_DEPLOYMENT_TARGET = 15.2;
				MTL_ENABLE_DEBUG_INFO = NO;
				MTL_FAST_MATH = YES;
				SDKROOT = iphoneos;
				SWIFT_COMPILATION_MODE = wholemodule;
				SWIFT_OPTIMIZATION_LEVEL = "-O";
				VALIDATE_PRODUCT = YES;
			};
			name = Release;
		};
		27E77C852861709E00A911FD /* Debug */ = {
			isa = XCBuildConfiguration;
			buildSettings = {
				ASSETCATALOG_COMPILER_APPICON_NAME = AppIcon;
				ASSETCATALOG_COMPILER_GLOBAL_ACCENT_COLOR_NAME = AccentColor;
				CODE_SIGN_STYLE = Automatic;
				CURRENT_PROJECT_VERSION = 1;
				DEVELOPMENT_ASSET_PATHS = "\"SmartAC/Preview Content\"";
				DEVELOPMENT_TEAM = KB9D3Y7M29;
				ENABLE_PREVIEWS = YES;
				GENERATE_INFOPLIST_FILE = YES;
				INFOPLIST_FILE = SmartAC/Info.plist;
				INFOPLIST_KEY_UIApplicationSceneManifest_Generation = YES;
				INFOPLIST_KEY_UIApplicationSupportsIndirectInputEvents = YES;
				INFOPLIST_KEY_UILaunchScreen_Generation = YES;
				INFOPLIST_KEY_UISupportedInterfaceOrientations = UIInterfaceOrientationPortrait;
				INFOPLIST_KEY_UISupportedInterfaceOrientations_iPad = "UIInterfaceOrientationPortrait UIInterfaceOrientationPortraitUpsideDown UIInterfaceOrientationLandscapeLeft UIInterfaceOrientationLandscapeRight";
				INFOPLIST_KEY_UISupportedInterfaceOrientations_iPhone = "UIInterfaceOrientationPortrait UIInterfaceOrientationLandscapeLeft UIInterfaceOrientationLandscapeRight";
				LD_RUNPATH_SEARCH_PATHS = (
					"$(inherited)",
					"@executable_path/Frameworks",
				);
				MARKETING_VERSION = 1.0;
				PRODUCT_BUNDLE_IDENTIFIER = com.darealreally.SmartAC;
				PRODUCT_NAME = "$(TARGET_NAME)";
				SWIFT_EMIT_LOC_STRINGS = YES;
				SWIFT_VERSION = 5.0;
				TARGETED_DEVICE_FAMILY = "1,2";
			};
			name = Debug;
		};
		27E77C862861709E00A911FD /* Release */ = {
			isa = XCBuildConfiguration;
			buildSettings = {
				ASSETCATALOG_COMPILER_APPICON_NAME = AppIcon;
				ASSETCATALOG_COMPILER_GLOBAL_ACCENT_COLOR_NAME = AccentColor;
				CODE_SIGN_STYLE = Automatic;
				CURRENT_PROJECT_VERSION = 1;
				DEVELOPMENT_ASSET_PATHS = "\"SmartAC/Preview Content\"";
				DEVELOPMENT_TEAM = KB9D3Y7M29;
				ENABLE_PREVIEWS = YES;
				GENERATE_INFOPLIST_FILE = YES;
				INFOPLIST_FILE = SmartAC/Info.plist;
				INFOPLIST_KEY_UIApplicationSceneManifest_Generation = YES;
				INFOPLIST_KEY_UIApplicationSupportsIndirectInputEvents = YES;
				INFOPLIST_KEY_UILaunchScreen_Generation = YES;
				INFOPLIST_KEY_UISupportedInterfaceOrientations = UIInterfaceOrientationPortrait;
				INFOPLIST_KEY_UISupportedInterfaceOrientations_iPad = "UIInterfaceOrientationPortrait UIInterfaceOrientationPortraitUpsideDown UIInterfaceOrientationLandscapeLeft UIInterfaceOrientationLandscapeRight";
				INFOPLIST_KEY_UISupportedInterfaceOrientations_iPhone = "UIInterfaceOrientationPortrait UIInterfaceOrientationLandscapeLeft UIInterfaceOrientationLandscapeRight";
				LD_RUNPATH_SEARCH_PATHS = (
					"$(inherited)",
					"@executable_path/Frameworks",
				);
				MARKETING_VERSION = 1.0;
				PRODUCT_BUNDLE_IDENTIFIER = com.darealreally.SmartAC;
				PRODUCT_NAME = "$(TARGET_NAME)";
				SWIFT_EMIT_LOC_STRINGS = YES;
				SWIFT_VERSION = 5.0;
				TARGETED_DEVICE_FAMILY = "1,2";
			};
			name = Release;
		};
/* End XCBuildConfiguration section */

/* Begin XCConfigurationList section */
		27E77C712861709B00A911FD /* Build configuration list for PBXProject "SmartAC" */ = {
			isa = XCConfigurationList;
			buildConfigurations = (
				27E77C822861709E00A911FD /* Debug */,
				27E77C832861709E00A911FD /* Release */,
			);
			defaultConfigurationIsVisible = 0;
			defaultConfigurationName = Release;
		};
		27E77C842861709E00A911FD /* Build configuration list for PBXNativeTarget "SmartAC" */ = {
			isa = XCConfigurationList;
			buildConfigurations = (
				27E77C852861709E00A911FD /* Debug */,
				27E77C862861709E00A911FD /* Release */,
			);
			defaultConfigurationIsVisible = 0;
			defaultConfigurationName = Release;
		};
/* End XCConfigurationList section */
	};
	rootObject = 27E77C6E2861709B00A911FD /* Project object */;
}
